
Microsoft Visual Studio Solution File, Format Version 12.00
# Visual Studio Version 17
VisualStudioVersion = 17.7.34024.191
MinimumVisualStudioVersion = 15.0.26124.0
Project("{9A19103F-16F7-4668-BE54-9A1E7A4F7556}") = "Life", "Life\Life.csproj", "{553EF050-2D6A-4BFA-9E64-165BEBEF9B01}"
EndProject
Project("{FAE04EC0-301F-11D3-BF4B-00C04F79EFBC}") = "TestProject1_laba4", "TestProject1_laba4\TestProject1_laba4.csproj", "{A3B902E0-8F3C-40F8-A3B6-93E9A1632C33}"
EndProject
Global
	GlobalSection(SolutionConfigurationPlatforms) = preSolution
		Debug|Any CPU = Debug|Any CPU
		Debug|x64 = Debug|x64
		Debug|x86 = Debug|x86
		Release|Any CPU = Release|Any CPU
		Release|x64 = Release|x64
		Release|x86 = Release|x86
	EndGlobalSection
	GlobalSection(ProjectConfigurationPlatforms) = postSolution
		{553EF050-2D6A-4BFA-9E64-165BEBEF9B01}.Debug|Any CPU.ActiveCfg = Debug|Any CPU
		{553EF050-2D6A-4BFA-9E64-165BEBEF9B01}.Debug|Any CPU.Build.0 = Debug|Any CPU
		{553EF050-2D6A-4BFA-9E64-165BEBEF9B01}.Debug|x64.ActiveCfg = Debug|Any CPU
		{553EF050-2D6A-4BFA-9E64-165BEBEF9B01}.Debug|x64.Build.0 = Debug|Any CPU
		{553EF050-2D6A-4BFA-9E64-165BEBEF9B01}.Debug|x86.ActiveCfg = Debug|Any CPU
		{553EF050-2D6A-4BFA-9E64-165BEBEF9B01}.Debug|x86.Build.0 = Debug|Any CPU
		{553EF050-2D6A-4BFA-9E64-165BEBEF9B01}.Release|Any CPU.ActiveCfg = Release|Any CPU
		{553EF050-2D6A-4BFA-9E64-165BEBEF9B01}.Release|Any CPU.Build.0 = Release|Any CPU
		{553EF050-2D6A-4BFA-9E64-165BEBEF9B01}.Release|x64.ActiveCfg = Release|Any CPU
		{553EF050-2D6A-4BFA-9E64-165BEBEF9B01}.Release|x64.Build.0 = Release|Any CPU
		{553EF050-2D6A-4BFA-9E64-165BEBEF9B01}.Release|x86.ActiveCfg = Release|Any CPU
		{553EF050-2D6A-4BFA-9E64-165BEBEF9B01}.Release|x86.Build.0 = Release|Any CPU
		{A3B902E0-8F3C-40F8-A3B6-93E9A1632C33}.Debug|Any CPU.ActiveCfg = Debug|Any CPU
		{A3B902E0-8F3C-40F8-A3B6-93E9A1632C33}.Debug|Any CPU.Build.0 = Debug|Any CPU
		{A3B902E0-8F3C-40F8-A3B6-93E9A1632C33}.Debug|x64.ActiveCfg = Debug|Any CPU
		{A3B902E0-8F3C-40F8-A3B6-93E9A1632C33}.Debug|x64.Build.0 = Debug|Any CPU
		{A3B902E0-8F3C-40F8-A3B6-93E9A1632C33}.Debug|x86.ActiveCfg = Debug|Any CPU
		{A3B902E0-8F3C-40F8-A3B6-93E9A1632C33}.Debug|x86.Build.0 = Debug|Any CPU
		{A3B902E0-8F3C-40F8-A3B6-93E9A1632C33}.Release|Any CPU.ActiveCfg = Release|Any CPU
		{A3B902E0-8F3C-40F8-A3B6-93E9A1632C33}.Release|Any CPU.Build.0 = Release|Any CPU
		{A3B902E0-8F3C-40F8-A3B6-93E9A1632C33}.Release|x64.ActiveCfg = Release|Any CPU
		{A3B902E0-8F3C-40F8-A3B6-93E9A1632C33}.Release|x64.Build.0 = Release|Any CPU
		{A3B902E0-8F3C-40F8-A3B6-93E9A1632C33}.Release|x86.ActiveCfg = Release|Any CPU
		{A3B902E0-8F3C-40F8-A3B6-93E9A1632C33}.Release|x86.Build.0 = Release|Any CPU
	EndGlobalSection
	GlobalSection(SolutionProperties) = preSolution
		HideSolutionNode = FALSE
	EndGlobalSection
	GlobalSection(ExtensibilityGlobals) = postSolution
		SolutionGuid = {2E4D3B55-6B72-41DA-9381-BF3CD4C109F8}
	EndGlobalSection
EndGlobal
